// !$*UTF8*$!
{
	archiveVersion = 1;
	classes = {
	};
	objectVersion = 46;
	objects = {

/* Begin PBXBuildFile section */
		9ED9A5961AA49DCB00D59068 /* AppDelegate.swift in Sources */ = {isa = PBXBuildFile; fileRef = 9ED9A5951AA49DCB00D59068 /* AppDelegate.swift */; };
		9ED9A5991AA49DCB00D59068 /* Simple.xcdatamodeld in Sources */ = {isa = PBXBuildFile; fileRef = 9ED9A5971AA49DCB00D59068 /* Simple.xcdatamodeld */; };
		9ED9A59B1AA49DCB00D59068 /* ViewController.swift in Sources */ = {isa = PBXBuildFile; fileRef = 9ED9A59A1AA49DCB00D59068 /* ViewController.swift */; };
		9ED9A59E1AA49DCB00D59068 /* Main.storyboard in Resources */ = {isa = PBXBuildFile; fileRef = 9ED9A59C1AA49DCB00D59068 /* Main.storyboard */; };
		9ED9A5A01AA49DCB00D59068 /* Images.xcassets in Resources */ = {isa = PBXBuildFile; fileRef = 9ED9A59F1AA49DCB00D59068 /* Images.xcassets */; };
		9ED9A5A31AA49DCB00D59068 /* LaunchScreen.xib in Resources */ = {isa = PBXBuildFile; fileRef = 9ED9A5A11AA49DCB00D59068 /* LaunchScreen.xib */; };
		9ED9A5AF1AA49DCB00D59068 /* SimpleTests.swift in Sources */ = {isa = PBXBuildFile; fileRef = 9ED9A5AE1AA49DCB00D59068 /* SimpleTests.swift */; };
		9ED9A5B91AA49F1A00D59068 /* Mock.swift in Sources */ = {isa = PBXBuildFile; fileRef = 9ED9A5B81AA49F1A00D59068 /* Mock.swift */; };
		9ED9A5BA1AA49F9400D59068 /* Mock.swift in Sources */ = {isa = PBXBuildFile; fileRef = 9ED9A5B81AA49F1A00D59068 /* Mock.swift */; };
		9EE4748E1AA5A11B00075219 /* Cent.framework in Frameworks */ = {isa = PBXBuildFile; fileRef = 9EE4748C1AA5A11B00075219 /* Cent.framework */; };
		9EE4748F1AA5A11B00075219 /* Dollar.framework in Frameworks */ = {isa = PBXBuildFile; fileRef = 9EE4748D1AA5A11B00075219 /* Dollar.framework */; };
		9EE474911AA5A1CE00075219 /* Cent.framework in Frameworks */ = {isa = PBXBuildFile; fileRef = 9EE4748C1AA5A11B00075219 /* Cent.framework */; };
		9EE474921AA5A1D100075219 /* Dollar.framework in Frameworks */ = {isa = PBXBuildFile; fileRef = 9EE4748D1AA5A11B00075219 /* Dollar.framework */; };
/* End PBXBuildFile section */

/* Begin PBXContainerItemProxy section */
		9ED9A5A91AA49DCB00D59068 /* PBXContainerItemProxy */ = {
			isa = PBXContainerItemProxy;
			containerPortal = 9ED9A5881AA49DCB00D59068 /* Project object */;
			proxyType = 1;
			remoteGlobalIDString = 9ED9A58F1AA49DCB00D59068;
			remoteInfo = Simple;
		};
/* End PBXContainerItemProxy section */

/* Begin PBXCopyFilesBuildPhase section */
		9EE4748B1AA59C6F00075219 /* Embed Frameworks */ = {
			isa = PBXCopyFilesBuildPhase;
			buildActionMask = 2147483647;
			dstPath = "";
			dstSubfolderSpec = 10;
			files = (
			);
			name = "Embed Frameworks";
			runOnlyForDeploymentPostprocessing = 0;
		};
/* End PBXCopyFilesBuildPhase section */

/* Begin PBXFileReference section */
		9ED9A5901AA49DCB00D59068 /* Simple.app */ = {isa = PBXFileReference; explicitFileType = wrapper.application; includeInIndex = 0; path = Simple.app; sourceTree = BUILT_PRODUCTS_DIR; };
		9ED9A5941AA49DCB00D59068 /* Info.plist */ = {isa = PBXFileReference; lastKnownFileType = text.plist.xml; path = Info.plist; sourceTree = "<group>"; };
		9ED9A5951AA49DCB00D59068 /* AppDelegate.swift */ = {isa = PBXFileReference; lastKnownFileType = sourcecode.swift; path = AppDelegate.swift; sourceTree = "<group>"; };
		9ED9A5981AA49DCB00D59068 /* Simple.xcdatamodel */ = {isa = PBXFileReference; lastKnownFileType = wrapper.xcdatamodel; path = Simple.xcdatamodel; sourceTree = "<group>"; };
		9ED9A59A1AA49DCB00D59068 /* ViewController.swift */ = {isa = PBXFileReference; lastKnownFileType = sourcecode.swift; path = ViewController.swift; sourceTree = "<group>"; };
		9ED9A59D1AA49DCB00D59068 /* Base */ = {isa = PBXFileReference; lastKnownFileType = file.storyboard; name = Base; path = Base.lproj/Main.storyboard; sourceTree = "<group>"; };
		9ED9A59F1AA49DCB00D59068 /* Images.xcassets */ = {isa = PBXFileReference; lastKnownFileType = folder.assetcatalog; path = Images.xcassets; sourceTree = "<group>"; };
		9ED9A5A21AA49DCB00D59068 /* Base */ = {isa = PBXFileReference; lastKnownFileType = file.xib; name = Base; path = Base.lproj/LaunchScreen.xib; sourceTree = "<group>"; };
		9ED9A5A81AA49DCB00D59068 /* SimpleTests.xctest */ = {isa = PBXFileReference; explicitFileType = wrapper.cfbundle; includeInIndex = 0; path = SimpleTests.xctest; sourceTree = BUILT_PRODUCTS_DIR; };
		9ED9A5AD1AA49DCB00D59068 /* Info.plist */ = {isa = PBXFileReference; lastKnownFileType = text.plist.xml; path = Info.plist; sourceTree = "<group>"; };
		9ED9A5AE1AA49DCB00D59068 /* SimpleTests.swift */ = {isa = PBXFileReference; lastKnownFileType = sourcecode.swift; path = SimpleTests.swift; sourceTree = "<group>"; };
		9ED9A5B81AA49F1A00D59068 /* Mock.swift */ = {isa = PBXFileReference; fileEncoding = 4; lastKnownFileType = sourcecode.swift; path = Mock.swift; sourceTree = "<group>"; };
		9EE4748C1AA5A11B00075219 /* Cent.framework */ = {isa = PBXFileReference; lastKnownFileType = wrapper.framework; name = Cent.framework; path = Carthage/Build/iOS/Cent.framework; sourceTree = "<group>"; };
		9EE4748D1AA5A11B00075219 /* Dollar.framework */ = {isa = PBXFileReference; lastKnownFileType = wrapper.framework; name = Dollar.framework; path = Carthage/Build/iOS/Dollar.framework; sourceTree = "<group>"; };
/* End PBXFileReference section */

/* Begin PBXFrameworksBuildPhase section */
		9ED9A58D1AA49DCB00D59068 /* Frameworks */ = {
			isa = PBXFrameworksBuildPhase;
			buildActionMask = 2147483647;
			files = (
				9EE4748E1AA5A11B00075219 /* Cent.framework in Frameworks */,
				9EE4748F1AA5A11B00075219 /* Dollar.framework in Frameworks */,
			);
			runOnlyForDeploymentPostprocessing = 0;
		};
		9ED9A5A51AA49DCB00D59068 /* Frameworks */ = {
			isa = PBXFrameworksBuildPhase;
			buildActionMask = 2147483647;
			files = (
				9EE474921AA5A1D100075219 /* Dollar.framework in Frameworks */,
				9EE474911AA5A1CE00075219 /* Cent.framework in Frameworks */,
			);
			runOnlyForDeploymentPostprocessing = 0;
		};
/* End PBXFrameworksBuildPhase section */

/* Begin PBXGroup section */
		9E9329191AA4A28D00D46DFB /* Frameworks */ = {
			isa = PBXGroup;
			children = (
				9EE4748C1AA5A11B00075219 /* Cent.framework */,
				9EE4748D1AA5A11B00075219 /* Dollar.framework */,
			);
			name = Frameworks;
			sourceTree = "<group>";
		};
		9ED9A5871AA49DCB00D59068 = {
			isa = PBXGroup;
			children = (
				9E9329191AA4A28D00D46DFB /* Frameworks */,
				9ED9A5921AA49DCB00D59068 /* Simple */,
				9ED9A5AB1AA49DCB00D59068 /* SimpleTests */,
				9ED9A5911AA49DCB00D59068 /* Products */,
			);
			sourceTree = "<group>";
		};
		9ED9A5911AA49DCB00D59068 /* Products */ = {
			isa = PBXGroup;
			children = (
				9ED9A5901AA49DCB00D59068 /* Simple.app */,
				9ED9A5A81AA49DCB00D59068 /* SimpleTests.xctest */,
			);
			name = Products;
			sourceTree = "<group>";
		};
		9ED9A5921AA49DCB00D59068 /* Simple */ = {
			isa = PBXGroup;
			children = (
				9ED9A5951AA49DCB00D59068 /* AppDelegate.swift */,
				9ED9A59A1AA49DCB00D59068 /* ViewController.swift */,
				9ED9A5B81AA49F1A00D59068 /* Mock.swift */,
				9ED9A59C1AA49DCB00D59068 /* Main.storyboard */,
				9ED9A59F1AA49DCB00D59068 /* Images.xcassets */,
				9ED9A5A11AA49DCB00D59068 /* LaunchScreen.xib */,
				9ED9A5971AA49DCB00D59068 /* Simple.xcdatamodeld */,
				9ED9A5931AA49DCB00D59068 /* Supporting Files */,
			);
			path = Simple;
			sourceTree = "<group>";
		};
		9ED9A5931AA49DCB00D59068 /* Supporting Files */ = {
			isa = PBXGroup;
			children = (
				9ED9A5941AA49DCB00D59068 /* Info.plist */,
			);
			name = "Supporting Files";
			sourceTree = "<group>";
		};
		9ED9A5AB1AA49DCB00D59068 /* SimpleTests */ = {
			isa = PBXGroup;
			children = (
				9ED9A5AE1AA49DCB00D59068 /* SimpleTests.swift */,
				9ED9A5AC1AA49DCB00D59068 /* Supporting Files */,
			);
			path = SimpleTests;
			sourceTree = "<group>";
		};
		9ED9A5AC1AA49DCB00D59068 /* Supporting Files */ = {
			isa = PBXGroup;
			children = (
				9ED9A5AD1AA49DCB00D59068 /* Info.plist */,
			);
			name = "Supporting Files";
			sourceTree = "<group>";
		};
/* End PBXGroup section */

/* Begin PBXNativeTarget section */
		9ED9A58F1AA49DCB00D59068 /* Simple */ = {
			isa = PBXNativeTarget;
			buildConfigurationList = 9ED9A5B21AA49DCB00D59068 /* Build configuration list for PBXNativeTarget "Simple" */;
			buildPhases = (
				9ED9A58D1AA49DCB00D59068 /* Frameworks */,
				9ED9A58E1AA49DCB00D59068 /* Resources */,
				9ED9A58C1AA49DCB00D59068 /* Sources */,
				9EE4748B1AA59C6F00075219 /* Embed Frameworks */,
				9EE474901AA5A12500075219 /* ShellScript */,
			);
			buildRules = (
			);
			dependencies = (
			);
			name = Simple;
			productName = Simple;
			productReference = 9ED9A5901AA49DCB00D59068 /* Simple.app */;
			productType = "com.apple.product-type.application";
		};
		9ED9A5A71AA49DCB00D59068 /* SimpleTests */ = {
			isa = PBXNativeTarget;
			buildConfigurationList = 9ED9A5B51AA49DCB00D59068 /* Build configuration list for PBXNativeTarget "SimpleTests" */;
			buildPhases = (
				9ED9A5A41AA49DCB00D59068 /* Sources */,
				9ED9A5A51AA49DCB00D59068 /* Frameworks */,
				9ED9A5A61AA49DCB00D59068 /* Resources */,
			);
			buildRules = (
			);
			dependencies = (
				9ED9A5AA1AA49DCB00D59068 /* PBXTargetDependency */,
			);
			name = SimpleTests;
			productName = SimpleTests;
			productReference = 9ED9A5A81AA49DCB00D59068 /* SimpleTests.xctest */;
			productType = "com.apple.product-type.bundle.unit-test";
		};
/* End PBXNativeTarget section */

/* Begin PBXProject section */
		9ED9A5881AA49DCB00D59068 /* Project object */ = {
			isa = PBXProject;
			attributes = {
				LastUpgradeCheck = 0610;
				ORGANIZATIONNAME = "Mikhail Stepkin";
				TargetAttributes = {
					9ED9A58F1AA49DCB00D59068 = {
						CreatedOnToolsVersion = 6.1.1;
					};
					9ED9A5A71AA49DCB00D59068 = {
						CreatedOnToolsVersion = 6.1.1;
						TestTargetID = 9ED9A58F1AA49DCB00D59068;
					};
				};
			};
			buildConfigurationList = 9ED9A58B1AA49DCB00D59068 /* Build configuration list for PBXProject "Simple" */;
			compatibilityVersion = "Xcode 3.2";
			developmentRegion = English;
			hasScannedForEncodings = 0;
			knownRegions = (
				en,
				Base,
			);
			mainGroup = 9ED9A5871AA49DCB00D59068;
			productRefGroup = 9ED9A5911AA49DCB00D59068 /* Products */;
			projectDirPath = "";
			projectRoot = "";
			targets = (
				9ED9A58F1AA49DCB00D59068 /* Simple */,
				9ED9A5A71AA49DCB00D59068 /* SimpleTests */,
			);
		};
/* End PBXProject section */

/* Begin PBXResourcesBuildPhase section */
		9ED9A58E1AA49DCB00D59068 /* Resources */ = {
			isa = PBXResourcesBuildPhase;
			buildActionMask = 2147483647;
			files = (
				9ED9A59E1AA49DCB00D59068 /* Main.storyboard in Resources */,
				9ED9A5A31AA49DCB00D59068 /* LaunchScreen.xib in Resources */,
				9ED9A5A01AA49DCB00D59068 /* Images.xcassets in Resources */,
			);
			runOnlyForDeploymentPostprocessing = 0;
		};
		9ED9A5A61AA49DCB00D59068 /* Resources */ = {
			isa = PBXResourcesBuildPhase;
			buildActionMask = 2147483647;
			files = (
			);
			runOnlyForDeploymentPostprocessing = 0;
		};
/* End PBXResourcesBuildPhase section */

/* Begin PBXShellScriptBuildPhase section */
		9EE474901AA5A12500075219 /* ShellScript */ = {
			isa = PBXShellScriptBuildPhase;
			buildActionMask = 2147483647;
			files = (
			);
			inputPaths = (
				"$(SRCROOT)/Carthage/Build/iOS/Cent.framework",
				"$(SRCROOT)/Carthage/Build/iOS/Dollar.framework",
			);
			outputPaths = (
			);
			runOnlyForDeploymentPostprocessing = 0;
			shellPath = /bin/sh;
			shellScript = "/usr/local/bin/carthage copy-frameworks";
		};
/* End PBXShellScriptBuildPhase section */

/* Begin PBXSourcesBuildPhase section */
		9ED9A58C1AA49DCB00D59068 /* Sources */ = {
			isa = PBXSourcesBuildPhase;
			buildActionMask = 2147483647;
			files = (
				9ED9A59B1AA49DCB00D59068 /* ViewController.swift in Sources */,
				9ED9A5961AA49DCB00D59068 /* AppDelegate.swift in Sources */,
				9ED9A5991AA49DCB00D59068 /* Simple.xcdatamodeld in Sources */,
				9ED9A5B91AA49F1A00D59068 /* Mock.swift in Sources */,
			);
			runOnlyForDeploymentPostprocessing = 0;
		};
		9ED9A5A41AA49DCB00D59068 /* Sources */ = {
			isa = PBXSourcesBuildPhase;
			buildActionMask = 2147483647;
			files = (
				9ED9A5AF1AA49DCB00D59068 /* SimpleTests.swift in Sources */,
				9ED9A5BA1AA49F9400D59068 /* Mock.swift in Sources */,
			);
			runOnlyForDeploymentPostprocessing = 0;
		};
/* End PBXSourcesBuildPhase section */

/* Begin PBXTargetDependency section */
		9ED9A5AA1AA49DCB00D59068 /* PBXTargetDependency */ = {
			isa = PBXTargetDependency;
			target = 9ED9A58F1AA49DCB00D59068 /* Simple */;
			targetProxy = 9ED9A5A91AA49DCB00D59068 /* PBXContainerItemProxy */;
		};
/* End PBXTargetDependency section */

/* Begin PBXVariantGroup section */
		9ED9A59C1AA49DCB00D59068 /* Main.storyboard */ = {
			isa = PBXVariantGroup;
			children = (
				9ED9A59D1AA49DCB00D59068 /* Base */,
			);
			name = Main.storyboard;
			sourceTree = "<group>";
		};
		9ED9A5A11AA49DCB00D59068 /* LaunchScreen.xib */ = {
			isa = PBXVariantGroup;
			children = (
				9ED9A5A21AA49DCB00D59068 /* Base */,
			);
			name = LaunchScreen.xib;
			sourceTree = "<group>";
		};
/* End PBXVariantGroup section */

/* Begin XCBuildConfiguration section */
		9ED9A5B01AA49DCB00D59068 /* Debug */ = {
			isa = XCBuildConfiguration;
			buildSettings = {
				ALWAYS_SEARCH_USER_PATHS = NO;
				CLANG_CXX_LANGUAGE_STANDARD = "gnu++0x";
				CLANG_CXX_LIBRARY = "libc++";
				CLANG_ENABLE_MODULES = YES;
				CLANG_ENABLE_OBJC_ARC = YES;
				CLANG_WARN_BOOL_CONVERSION = YES;
				CLANG_WARN_CONSTANT_CONVERSION = YES;
				CLANG_WARN_DIRECT_OBJC_ISA_USAGE = YES_ERROR;
				CLANG_WARN_EMPTY_BODY = YES;
				CLANG_WARN_ENUM_CONVERSION = YES;
				CLANG_WARN_INT_CONVERSION = YES;
				CLANG_WARN_OBJC_ROOT_CLASS = YES_ERROR;
				CLANG_WARN_UNREACHABLE_CODE = YES;
				CLANG_WARN__DUPLICATE_METHOD_MATCH = YES;
				"CODE_SIGN_IDENTITY[sdk=iphoneos*]" = "iPhone Developer";
				COPY_PHASE_STRIP = NO;
				ENABLE_STRICT_OBJC_MSGSEND = YES;
				GCC_C_LANGUAGE_STANDARD = gnu99;
				GCC_DYNAMIC_NO_PIC = NO;
				GCC_OPTIMIZATION_LEVEL = 0;
				GCC_PREPROCESSOR_DEFINITIONS = (
					"DEBUG=1",
					"$(inherited)",
				);
				GCC_SYMBOLS_PRIVATE_EXTERN = NO;
				GCC_WARN_64_TO_32_BIT_CONVERSION = YES;
				GCC_WARN_ABOUT_RETURN_TYPE = YES_ERROR;
				GCC_WARN_UNDECLARED_SELECTOR = YES;
				GCC_WARN_UNINITIALIZED_AUTOS = YES_AGGRESSIVE;
				GCC_WARN_UNUSED_FUNCTION = YES;
				GCC_WARN_UNUSED_VARIABLE = YES;
				IPHONEOS_DEPLOYMENT_TARGET = 8.1;
				MTL_ENABLE_DEBUG_INFO = YES;
				ONLY_ACTIVE_ARCH = YES;
				SDKROOT = iphoneos;
				SWIFT_OPTIMIZATION_LEVEL = "-Onone";
				TARGETED_DEVICE_FAMILY = "1,2";
			};
			name = Debug;
		};
		9ED9A5B11AA49DCB00D59068 /* Release */ = {
			isa = XCBuildConfiguration;
			buildSettings = {
				ALWAYS_SEARCH_USER_PATHS = NO;
				CLANG_CXX_LANGUAGE_STANDARD = "gnu++0x";
				CLANG_CXX_LIBRARY = "libc++";
				CLANG_ENABLE_MODULES = YES;
				CLANG_ENABLE_OBJC_ARC = YES;
				CLANG_WARN_BOOL_CONVERSION = YES;
				CLANG_WARN_CONSTANT_CONVERSION = YES;
				CLANG_WARN_DIRECT_OBJC_ISA_USAGE = YES_ERROR;
				CLANG_WARN_EMPTY_BODY = YES;
				CLANG_WARN_ENUM_CONVERSION = YES;
				CLANG_WARN_INT_CONVERSION = YES;
				CLANG_WARN_OBJC_ROOT_CLASS = YES_ERROR;
				CLANG_WARN_UNREACHABLE_CODE = YES;
				CLANG_WARN__DUPLICATE_METHOD_MATCH = YES;
				"CODE_SIGN_IDENTITY[sdk=iphoneos*]" = "iPhone Developer";
				COPY_PHASE_STRIP = YES;
				ENABLE_NS_ASSERTIONS = NO;
				ENABLE_STRICT_OBJC_MSGSEND = YES;
				GCC_C_LANGUAGE_STANDARD = gnu99;
				GCC_WARN_64_TO_32_BIT_CONVERSION = YES;
				GCC_WARN_ABOUT_RETURN_TYPE = YES_ERROR;
				GCC_WARN_UNDECLARED_SELECTOR = YES;
				GCC_WARN_UNINITIALIZED_AUTOS = YES_AGGRESSIVE;
				GCC_WARN_UNUSED_FUNCTION = YES;
				GCC_WARN_UNUSED_VARIABLE = YES;
				IPHONEOS_DEPLOYMENT_TARGET = 8.1;
				MTL_ENABLE_DEBUG_INFO = NO;
				SDKROOT = iphoneos;
				TARGETED_DEVICE_FAMILY = "1,2";
				VALIDATE_PRODUCT = YES;
			};
			name = Release;
		};
		9ED9A5B31AA49DCB00D59068 /* Debug */ = {
			isa = XCBuildConfiguration;
			buildSettings = {
				ASSETCATALOG_COMPILER_APPICON_NAME = AppIcon;
				FRAMEWORK_SEARCH_PATHS = (
					"$(inherited)",
					"$(PROJECT_DIR)/Carthage/Build/iOS",
				);
				INFOPLIST_FILE = Simple/Info.plist;
				LD_RUNPATH_SEARCH_PATHS = "$(inherited) @executable_path/Frameworks";
				PRODUCT_NAME = "$(TARGET_NAME)";
			};
			name = Debug;
		};
		9ED9A5B41AA49DCB00D59068 /* Release */ = {
			isa = XCBuildConfiguration;
			buildSettings = {
				ASSETCATALOG_COMPILER_APPICON_NAME = AppIcon;
				FRAMEWORK_SEARCH_PATHS = (
					"$(inherited)",
					"$(PROJECT_DIR)/Carthage/Build/iOS",
				);
				INFOPLIST_FILE = Simple/Info.plist;
				LD_RUNPATH_SEARCH_PATHS = "$(inherited) @executable_path/Frameworks";
				PRODUCT_NAME = "$(TARGET_NAME)";
			};
			name = Release;
		};
		9ED9A5B61AA49DCB00D59068 /* Debug */ = {
			isa = XCBuildConfiguration;
			buildSettings = {
				BUNDLE_LOADER = "$(TEST_HOST)";
				FRAMEWORK_SEARCH_PATHS = (
					"$(SDKROOT)/Developer/Library/Frameworks",
					"$(inherited)",
					"$(PROJECT_DIR)/Carthage/Build/iOS",
				);
				GCC_PREPROCESSOR_DEFINITIONS = (
					"DEBUG=1",
					"$(inherited)",
				);
				INFOPLIST_FILE = SimpleTests/Info.plist;
				LD_RUNPATH_SEARCH_PATHS = "$(inherited) @executable_path/Frameworks @loader_path/Frameworks";
				PRODUCT_NAME = "$(TARGET_NAME)";
				TEST_HOST = "$(BUILT_PRODUCTS_DIR)/Simple.app/Simple";
			};
			name = Debug;
		};
		9ED9A5B71AA49DCB00D59068 /* Release */ = {
			isa = XCBuildConfiguration;
			buildSettings = {
				BUNDLE_LOADER = "$(TEST_HOST)";
				FRAMEWORK_SEARCH_PATHS = (
					"$(SDKROOT)/Developer/Library/Frameworks",
					"$(inherited)",
					"$(PROJECT_DIR)/Carthage/Build/iOS",
				);
				INFOPLIST_FILE = SimpleTests/Info.plist;
				LD_RUNPATH_SEARCH_PATHS = "$(inherited) @executable_path/Frameworks @loader_path/Frameworks";
				PRODUCT_NAME = "$(TARGET_NAME)";
				TEST_HOST = "$(BUILT_PRODUCTS_DIR)/Simple.app/Simple";
			};
			name = Release;
		};
/* End XCBuildConfiguration section */

/* Begin XCConfigurationList section */
		9ED9A58B1AA49DCB00D59068 /* Build configuration list for PBXProject "Simple" */ = {
			isa = XCConfigurationList;
			buildConfigurations = (
				9ED9A5B01AA49DCB00D59068 /* Debug */,
				9ED9A5B11AA49DCB00D59068 /* Release */,
			);
			defaultConfigurationIsVisible = 0;
			defaultConfigurationName = Release;
		};
		9ED9A5B21AA49DCB00D59068 /* Build configuration list for PBXNativeTarget "Simple" */ = {
			isa = XCConfigurationList;
			buildConfigurations = (
				9ED9A5B31AA49DCB00D59068 /* Debug */,
				9ED9A5B41AA49DCB00D59068 /* Release */,
			);
			defaultConfigurationIsVisible = 0;
			defaultConfigurationName = Release;
		};
		9ED9A5B51AA49DCB00D59068 /* Build configuration list for PBXNativeTarget "SimpleTests" */ = {
			isa = XCConfigurationList;
			buildConfigurations = (
				9ED9A5B61AA49DCB00D59068 /* Debug */,
				9ED9A5B71AA49DCB00D59068 /* Release */,
			);
			defaultConfigurationIsVisible = 0;
			defaultConfigurationName = Release;
		};
/* End XCConfigurationList section */

/* Begin XCVersionGroup section */
		9ED9A5971AA49DCB00D59068 /* Simple.xcdatamodeld */ = {
			isa = XCVersionGroup;
			children = (
				9ED9A5981AA49DCB00D59068 /* Simple.xcdatamodel */,
			);
			currentVersion = 9ED9A5981AA49DCB00D59068 /* Simple.xcdatamodel */;
			path = Simple.xcdatamodeld;
			sourceTree = "<group>";
			versionGroupType = wrapper.xcdatamodel;
		};
/* End XCVersionGroup section */
	};
	rootObject = 9ED9A5881AA49DCB00D59068 /* Project object */;
}
